
Microsoft Visual Studio Solution File, Format Version 12.00
# Visual Studio Version 16
VisualStudioVersion = 16.0.30204.135
MinimumVisualStudioVersion = 15.0.26124.0
Project("{9A19103F-16F7-4668-BE54-9A1E7A4F7556}") = "project-poena-opengl", "project-poena-opengl\project-poena-opengl.csproj", "{52DF24B3-B9A5-4459-893F-4D5C623D615D}"
EndProject
Global
	GlobalSection(SharedMSBuildProjectFiles) = preSolution
		project-poena-core\project-poena-core.projitems*{52df24b3-b9a5-4459-893f-4d5c623d615d}*SharedItemsImports = 5
	EndGlobalSection
	GlobalSection(SolutionConfigurationPlatforms) = preSolution
		Debug|Any CPU = Debug|Any CPU
		Debug|x64 = Debug|x64
		Debug|x86 = Debug|x86
		Release|Any CPU = Release|Any CPU
		Release|x64 = Release|x64
		Release|x86 = Release|x86
	EndGlobalSection
	GlobalSection(ProjectConfigurationPlatforms) = postSolution
		{52DF24B3-B9A5-4459-893F-4D5C623D615D}.Debug|Any CPU.ActiveCfg = Debug|Any CPU
		{52DF24B3-B9A5-4459-893F-4D5C623D615D}.Debug|Any CPU.Build.0 = Debug|Any CPU
		{52DF24B3-B9A5-4459-893F-4D5C623D615D}.Debug|x64.ActiveCfg = Debug|Any CPU
		{52DF24B3-B9A5-4459-893F-4D5C623D615D}.Debug|x64.Build.0 = Debug|Any CPU
		{52DF24B3-B9A5-4459-893F-4D5C623D615D}.Debug|x86.ActiveCfg = Debug|Any CPU
		{52DF24B3-B9A5-4459-893F-4D5C623D615D}.Debug|x86.Build.0 = Debug|Any CPU
		{52DF24B3-B9A5-4459-893F-4D5C623D615D}.Release|Any CPU.ActiveCfg = Release|Any CPU
		{52DF24B3-B9A5-4459-893F-4D5C623D615D}.Release|Any CPU.Build.0 = Release|Any CPU
		{52DF24B3-B9A5-4459-893F-4D5C623D615D}.Release|x64.ActiveCfg = Release|Any CPU
		{52DF24B3-B9A5-4459-893F-4D5C623D615D}.Release|x64.Build.0 = Release|Any CPU
		{52DF24B3-B9A5-4459-893F-4D5C623D615D}.Release|x86.ActiveCfg = Release|Any CPU
		{52DF24B3-B9A5-4459-893F-4D5C623D615D}.Release|x86.Build.0 = Release|Any CPU
	EndGlobalSection
	GlobalSection(SolutionProperties) = preSolution
		HideSolutionNode = FALSE
	EndGlobalSection
	GlobalSection(ExtensibilityGlobals) = postSolution
		SolutionGuid = {C3D26CAB-D21D-4E66-8AF4-835FA81C6072}
	EndGlobalSection
EndGlobal
